<Solution>
  <Project Path="Unity.Cinemachine.Editor.csproj" />
  <Project Path="Unity.Cinemachine.Runtime.Tests.csproj" />
  <Project Path="Unity.Cinemachine.csproj" />
  <Project Path="Assembly-CSharp.csproj" />
  <Project Path="Unity.Cinemachine.Editor.Tests.csproj" />
  <Project Path="Unity.Cinemachine.Shared.Tests.csproj" />
</Solution>
